// !$*UTF8*$!
{
	archiveVersion = 1;
	classes = {
	};
	objectVersion = 48;
	objects = {

/* Begin PBXBuildFile section */
		1F05C6602008DCFA00D6443C /* RoundedButton.swift in Sources */ = {isa = PBXBuildFile; fileRef = 1F05C65F2008DCFA00D6443C /* RoundedButton.swift */; };
		1F09BB0A2016FC46008E9536 /* GlobalFunctions.swift in Sources */ = {isa = PBXBuildFile; fileRef = 1F09BB092016FC46008E9536 /* GlobalFunctions.swift */; };
		1F2B52CF1FD54F42000492AE /* AppDelegate.swift in Sources */ = {isa = PBXBuildFile; fileRef = 1F2B52CE1FD54F42000492AE /* AppDelegate.swift */; };
		1F2B52D41FD54F42000492AE /* Main.storyboard in Resources */ = {isa = PBXBuildFile; fileRef = 1F2B52D21FD54F42000492AE /* Main.storyboard */; };
		1F2B52D61FD54F42000492AE /* Assets.xcassets in Resources */ = {isa = PBXBuildFile; fileRef = 1F2B52D51FD54F42000492AE /* Assets.xcassets */; };
		1F2B52D91FD54F42000492AE /* LaunchScreen.storyboard in Resources */ = {isa = PBXBuildFile; fileRef = 1F2B52D71FD54F42000492AE /* LaunchScreen.storyboard */; };
		1F2B52E41FD54F42000492AE /* elDiscountTests.swift in Sources */ = {isa = PBXBuildFile; fileRef = 1F2B52E31FD54F42000492AE /* elDiscountTests.swift */; };
		1F2B52EF1FD54F42000492AE /* elDiscountUITests.swift in Sources */ = {isa = PBXBuildFile; fileRef = 1F2B52EE1FD54F42000492AE /* elDiscountUITests.swift */; };
		1F2B53011FD55A43000492AE /* Constants.swift in Sources */ = {isa = PBXBuildFile; fileRef = 1F2B53001FD55A43000492AE /* Constants.swift */; };
		1F2DDACE202DB22300B7B341 /* Companies.swift in Sources */ = {isa = PBXBuildFile; fileRef = 1F2DDACD202DB22300B7B341 /* Companies.swift */; };
		1F2DDAD0202DB93300B7B341 /* NewUser.swift in Sources */ = {isa = PBXBuildFile; fileRef = 1F2DDACF202DB93300B7B341 /* NewUser.swift */; };
		1F2DDAD3202DC6D600B7B341 /* NewCashier.swift in Sources */ = {isa = PBXBuildFile; fileRef = 1F2DDAD2202DC6D600B7B341 /* NewCashier.swift */; };
		1F2DDAD5202DC7BC00B7B341 /* Users.swift in Sources */ = {isa = PBXBuildFile; fileRef = 1F2DDAD4202DC7BC00B7B341 /* Users.swift */; };
		1F381F0020317B6D005C98F9 /* HTTPStatusCode.swift in Sources */ = {isa = PBXBuildFile; fileRef = 1F381EFF20317B6D005C98F9 /* HTTPStatusCode.swift */; };
		1F381F022031A7CF005C98F9 /* ApiAddress.swift in Sources */ = {isa = PBXBuildFile; fileRef = 1F381F012031A7CF005C98F9 /* ApiAddress.swift */; };
		1F5C7EBF207C85310089E2FC /* CustomView.swift in Sources */ = {isa = PBXBuildFile; fileRef = 1F5C7EBE207C85310089E2FC /* CustomView.swift */; };
		1F5C7EC1207C8B2F0089E2FC /* CategoriesTableViewCell.swift in Sources */ = {isa = PBXBuildFile; fileRef = 1F5C7EC0207C8B2F0089E2FC /* CategoriesTableViewCell.swift */; };
		1F5C7FB3207CDD360089E2FC /* HomeCollectionViewCell.swift in Sources */ = {isa = PBXBuildFile; fileRef = 1F5C7FB2207CDD360089E2FC /* HomeCollectionViewCell.swift */; };
		1F5C7FB5207CDDA90089E2FC /* DiscountsCollectionViewCell.swift in Sources */ = {isa = PBXBuildFile; fileRef = 1F5C7FB4207CDDA90089E2FC /* DiscountsCollectionViewCell.swift */; };
		1FAE1F17202973E100C8788F /* CompanyHeaderViewController.swift in Sources */ = {isa = PBXBuildFile; fileRef = 1FAE1F16202973E000C8788F /* CompanyHeaderViewController.swift */; };
		1FBD56E02015FBBE00DF4446 /* Login.storyboard in Resources */ = {isa = PBXBuildFile; fileRef = 1FBD56DF2015FBBE00DF4446 /* Login.storyboard */; };
		1FBD56E22015FBF700DF4446 /* SegmentedViewController.swift in Sources */ = {isa = PBXBuildFile; fileRef = 1FBD56E12015FBF700DF4446 /* SegmentedViewController.swift */; };
		1FBD56E42015FE3B00DF4446 /* LoginViewController.swift in Sources */ = {isa = PBXBuildFile; fileRef = 1FBD56E32015FE3B00DF4446 /* LoginViewController.swift */; };
		1FBD56E62016226D00DF4446 /* SignupViewController.swift in Sources */ = {isa = PBXBuildFile; fileRef = 1FBD56E52016226D00DF4446 /* SignupViewController.swift */; };
		1FEB2F9E20076D930031052A /* Extensions + UIView.swift in Sources */ = {isa = PBXBuildFile; fileRef = 1FEB2F9D20076D930031052A /* Extensions + UIView.swift */; };
		1FEBB62D202869AC00CD1FFD /* MainViewController.swift in Sources */ = {isa = PBXBuildFile; fileRef = 1FEBB62C202869AC00CD1FFD /* MainViewController.swift */; };
		1FEBB63F20286C4300CD1FFD /* Cards.storyboard in Resources */ = {isa = PBXBuildFile; fileRef = 1FEBB63E20286C4300CD1FFD /* Cards.storyboard */; };
		1FEBB64120286C5900CD1FFD /* CardsViewController.swift in Sources */ = {isa = PBXBuildFile; fileRef = 1FEBB64020286C5900CD1FFD /* CardsViewController.swift */; };
		1FEBB64320286CC800CD1FFD /* Companies.storyboard in Resources */ = {isa = PBXBuildFile; fileRef = 1FEBB64220286CC800CD1FFD /* Companies.storyboard */; };
		1FEBB64520286CDA00CD1FFD /* CompaniesViewController.swift in Sources */ = {isa = PBXBuildFile; fileRef = 1FEBB64420286CDA00CD1FFD /* CompaniesViewController.swift */; };
		1FEBB64720286E2A00CD1FFD /* Home.storyboard in Resources */ = {isa = PBXBuildFile; fileRef = 1FEBB64620286E2A00CD1FFD /* Home.storyboard */; };
		1FEBB64920286E3E00CD1FFD /* HomeViewController.swift in Sources */ = {isa = PBXBuildFile; fileRef = 1FEBB64820286E3E00CD1FFD /* HomeViewController.swift */; };
		1FEBB64B2028752500CD1FFD /* Discounts.storyboard in Resources */ = {isa = PBXBuildFile; fileRef = 1FEBB64A2028752500CD1FFD /* Discounts.storyboard */; };
		1FEBB64D2028752F00CD1FFD /* DiscountsViewController.swift in Sources */ = {isa = PBXBuildFile; fileRef = 1FEBB64C2028752F00CD1FFD /* DiscountsViewController.swift */; };
		1FEBB64F202875B300CD1FFD /* Settings.storyboard in Resources */ = {isa = PBXBuildFile; fileRef = 1FEBB64E202875B300CD1FFD /* Settings.storyboard */; };
		1FEBB651202875BB00CD1FFD /* SettingsViewController.swift in Sources */ = {isa = PBXBuildFile; fileRef = 1FEBB650202875BB00CD1FFD /* SettingsViewController.swift */; };
		1FEBB65320287E1F00CD1FFD /* Profile.storyboard in Resources */ = {isa = PBXBuildFile; fileRef = 1FEBB65220287E1F00CD1FFD /* Profile.storyboard */; };
		1FEBB65520287E2E00CD1FFD /* ProfileViewController.swift in Sources */ = {isa = PBXBuildFile; fileRef = 1FEBB65420287E2E00CD1FFD /* ProfileViewController.swift */; };
		1FEBB6572028819B00CD1FFD /* CategoriesViewController.swift in Sources */ = {isa = PBXBuildFile; fileRef = 1FEBB6562028819B00CD1FFD /* CategoriesViewController.swift */; };
		1FEBB6592028822A00CD1FFD /* CompaniesCollectionViewCell.swift in Sources */ = {isa = PBXBuildFile; fileRef = 1FEBB6582028822A00CD1FFD /* CompaniesCollectionViewCell.swift */; };
		1FEBB65B20288B6200CD1FFD /* CompanySegmentedViewController.swift in Sources */ = {isa = PBXBuildFile; fileRef = 1FEBB65A20288B6200CD1FFD /* CompanySegmentedViewController.swift */; };
		1FEBB65E20288C6700CD1FFD /* AboutCompany.storyboard in Resources */ = {isa = PBXBuildFile; fileRef = 1FEBB65D20288C6700CD1FFD /* AboutCompany.storyboard */; };
		1FEBB66020288CAB00CD1FFD /* CompanyContactsViewController.swift in Sources */ = {isa = PBXBuildFile; fileRef = 1FEBB65F20288CAB00CD1FFD /* CompanyContactsViewController.swift */; };
		1FEBB66220288CBB00CD1FFD /* CompanyDiscountsViewController.swift in Sources */ = {isa = PBXBuildFile; fileRef = 1FEBB66120288CBB00CD1FFD /* CompanyDiscountsViewController.swift */; };
		1FEBB66420288CCB00CD1FFD /* CompanyLocationViewController.swift in Sources */ = {isa = PBXBuildFile; fileRef = 1FEBB66320288CCB00CD1FFD /* CompanyLocationViewController.swift */; };
		333FC3022037E2B800125710 /* DataManager.swift in Sources */ = {isa = PBXBuildFile; fileRef = 333FC3012037E2B800125710 /* DataManager.swift */; };
		333FC3042037FFEC00125710 /* HTTPRequestManager.swift in Sources */ = {isa = PBXBuildFile; fileRef = 333FC3032037FFEC00125710 /* HTTPRequestManager.swift */; };
		333FC306203800D300125710 /* ServerManager.swift in Sources */ = {isa = PBXBuildFile; fileRef = 333FC305203800D300125710 /* ServerManager.swift */; };
		333FC3082038069A00125710 /* Auth.swift in Sources */ = {isa = PBXBuildFile; fileRef = 333FC3072038069A00125710 /* Auth.swift */; };
		333FC30A2038120300125710 /* UIViewController+Alert.swift in Sources */ = {isa = PBXBuildFile; fileRef = 333FC3092038120300125710 /* UIViewController+Alert.swift */; };
		33E5CE492037673200650C7C /* UITextFiled+PhoneNumberDelegate.swift in Sources */ = {isa = PBXBuildFile; fileRef = 33E5CE482037673200650C7C /* UITextFiled+PhoneNumberDelegate.swift */; };
		B1CA430AD2F3A8F7BB638FE8 /* Pods_elDiscount.framework in Frameworks */ = {isa = PBXBuildFile; fileRef = B802318681CC83709075A364 /* Pods_elDiscount.framework */; };
/* End PBXBuildFile section */

/* Begin PBXContainerItemProxy section */
		1F2B52E01FD54F42000492AE /* PBXContainerItemProxy */ = {
			isa = PBXContainerItemProxy;
			containerPortal = 1F2B52C31FD54F42000492AE /* Project object */;
			proxyType = 1;
			remoteGlobalIDString = 1F2B52CA1FD54F42000492AE;
			remoteInfo = elDiscount;
		};
		1F2B52EB1FD54F42000492AE /* PBXContainerItemProxy */ = {
			isa = PBXContainerItemProxy;
			containerPortal = 1F2B52C31FD54F42000492AE /* Project object */;
			proxyType = 1;
			remoteGlobalIDString = 1F2B52CA1FD54F42000492AE;
			remoteInfo = elDiscount;
		};
/* End PBXContainerItemProxy section */

/* Begin PBXFileReference section */
		1F05C65F2008DCFA00D6443C /* RoundedButton.swift */ = {isa = PBXFileReference; lastKnownFileType = sourcecode.swift; path = RoundedButton.swift; sourceTree = "<group>"; };
		1F09BB092016FC46008E9536 /* GlobalFunctions.swift */ = {isa = PBXFileReference; lastKnownFileType = sourcecode.swift; path = GlobalFunctions.swift; sourceTree = "<group>"; };
		1F2B52CB1FD54F42000492AE /* elDiscount.app */ = {isa = PBXFileReference; explicitFileType = wrapper.application; includeInIndex = 0; path = elDiscount.app; sourceTree = BUILT_PRODUCTS_DIR; };
		1F2B52CE1FD54F42000492AE /* AppDelegate.swift */ = {isa = PBXFileReference; lastKnownFileType = sourcecode.swift; path = AppDelegate.swift; sourceTree = "<group>"; };
		1F2B52D31FD54F42000492AE /* Base */ = {isa = PBXFileReference; lastKnownFileType = file.storyboard; name = Base; path = Base.lproj/Main.storyboard; sourceTree = "<group>"; };
		1F2B52D51FD54F42000492AE /* Assets.xcassets */ = {isa = PBXFileReference; lastKnownFileType = folder.assetcatalog; path = Assets.xcassets; sourceTree = "<group>"; };
		1F2B52D81FD54F42000492AE /* Base */ = {isa = PBXFileReference; lastKnownFileType = file.storyboard; name = Base; path = Base.lproj/LaunchScreen.storyboard; sourceTree = "<group>"; };
		1F2B52DA1FD54F42000492AE /* Info.plist */ = {isa = PBXFileReference; lastKnownFileType = text.plist.xml; path = Info.plist; sourceTree = "<group>"; };
		1F2B52DF1FD54F42000492AE /* elDiscountTests.xctest */ = {isa = PBXFileReference; explicitFileType = wrapper.cfbundle; includeInIndex = 0; path = elDiscountTests.xctest; sourceTree = BUILT_PRODUCTS_DIR; };
		1F2B52E31FD54F42000492AE /* elDiscountTests.swift */ = {isa = PBXFileReference; lastKnownFileType = sourcecode.swift; path = elDiscountTests.swift; sourceTree = "<group>"; };
		1F2B52E51FD54F42000492AE /* Info.plist */ = {isa = PBXFileReference; lastKnownFileType = text.plist.xml; path = Info.plist; sourceTree = "<group>"; };
		1F2B52EA1FD54F42000492AE /* elDiscountUITests.xctest */ = {isa = PBXFileReference; explicitFileType = wrapper.cfbundle; includeInIndex = 0; path = elDiscountUITests.xctest; sourceTree = BUILT_PRODUCTS_DIR; };
		1F2B52EE1FD54F42000492AE /* elDiscountUITests.swift */ = {isa = PBXFileReference; lastKnownFileType = sourcecode.swift; path = elDiscountUITests.swift; sourceTree = "<group>"; };
		1F2B52F01FD54F42000492AE /* Info.plist */ = {isa = PBXFileReference; lastKnownFileType = text.plist.xml; path = Info.plist; sourceTree = "<group>"; };
		1F2B53001FD55A43000492AE /* Constants.swift */ = {isa = PBXFileReference; lastKnownFileType = sourcecode.swift; path = Constants.swift; sourceTree = "<group>"; };
		1F2DDACD202DB22300B7B341 /* Companies.swift */ = {isa = PBXFileReference; lastKnownFileType = sourcecode.swift; path = Companies.swift; sourceTree = "<group>"; };
		1F2DDACF202DB93300B7B341 /* NewUser.swift */ = {isa = PBXFileReference; lastKnownFileType = sourcecode.swift; path = NewUser.swift; sourceTree = "<group>"; };
		1F2DDAD2202DC6D600B7B341 /* NewCashier.swift */ = {isa = PBXFileReference; lastKnownFileType = sourcecode.swift; path = NewCashier.swift; sourceTree = "<group>"; };
		1F2DDAD4202DC7BC00B7B341 /* Users.swift */ = {isa = PBXFileReference; lastKnownFileType = sourcecode.swift; path = Users.swift; sourceTree = "<group>"; };
		1F381EFF20317B6D005C98F9 /* HTTPStatusCode.swift */ = {isa = PBXFileReference; lastKnownFileType = sourcecode.swift; path = HTTPStatusCode.swift; sourceTree = "<group>"; };
		1F381F012031A7CF005C98F9 /* ApiAddress.swift */ = {isa = PBXFileReference; lastKnownFileType = sourcecode.swift; path = ApiAddress.swift; sourceTree = "<group>"; };
		1F5C7EBE207C85310089E2FC /* CustomView.swift */ = {isa = PBXFileReference; lastKnownFileType = sourcecode.swift; path = CustomView.swift; sourceTree = "<group>"; };
		1F5C7EC0207C8B2F0089E2FC /* CategoriesTableViewCell.swift */ = {isa = PBXFileReference; lastKnownFileType = sourcecode.swift; path = CategoriesTableViewCell.swift; sourceTree = "<group>"; };
		1F5C7FB2207CDD360089E2FC /* HomeCollectionViewCell.swift */ = {isa = PBXFileReference; lastKnownFileType = sourcecode.swift; path = HomeCollectionViewCell.swift; sourceTree = "<group>"; };
		1F5C7FB4207CDDA90089E2FC /* DiscountsCollectionViewCell.swift */ = {isa = PBXFileReference; lastKnownFileType = sourcecode.swift; path = DiscountsCollectionViewCell.swift; sourceTree = "<group>"; };
		1FAE1F16202973E000C8788F /* CompanyHeaderViewController.swift */ = {isa = PBXFileReference; lastKnownFileType = sourcecode.swift; path = CompanyHeaderViewController.swift; sourceTree = "<group>"; };
		1FBD56DF2015FBBE00DF4446 /* Login.storyboard */ = {isa = PBXFileReference; lastKnownFileType = file.storyboard; path = Login.storyboard; sourceTree = "<group>"; };
		1FBD56E12015FBF700DF4446 /* SegmentedViewController.swift */ = {isa = PBXFileReference; lastKnownFileType = sourcecode.swift; path = SegmentedViewController.swift; sourceTree = "<group>"; };
		1FBD56E32015FE3B00DF4446 /* LoginViewController.swift */ = {isa = PBXFileReference; lastKnownFileType = sourcecode.swift; path = LoginViewController.swift; sourceTree = "<group>"; };
		1FBD56E52016226D00DF4446 /* SignupViewController.swift */ = {isa = PBXFileReference; lastKnownFileType = sourcecode.swift; path = SignupViewController.swift; sourceTree = "<group>"; };
		1FEB2F9D20076D930031052A /* Extensions + UIView.swift */ = {isa = PBXFileReference; lastKnownFileType = sourcecode.swift; path = "Extensions + UIView.swift"; sourceTree = "<group>"; };
		1FEBB62C202869AC00CD1FFD /* MainViewController.swift */ = {isa = PBXFileReference; lastKnownFileType = sourcecode.swift; path = MainViewController.swift; sourceTree = "<group>"; };
		1FEBB63E20286C4300CD1FFD /* Cards.storyboard */ = {isa = PBXFileReference; lastKnownFileType = file.storyboard; path = Cards.storyboard; sourceTree = "<group>"; };
		1FEBB64020286C5900CD1FFD /* CardsViewController.swift */ = {isa = PBXFileReference; lastKnownFileType = sourcecode.swift; path = CardsViewController.swift; sourceTree = "<group>"; };
		1FEBB64220286CC800CD1FFD /* Companies.storyboard */ = {isa = PBXFileReference; lastKnownFileType = file.storyboard; path = Companies.storyboard; sourceTree = "<group>"; };
		1FEBB64420286CDA00CD1FFD /* CompaniesViewController.swift */ = {isa = PBXFileReference; lastKnownFileType = sourcecode.swift; path = CompaniesViewController.swift; sourceTree = "<group>"; };
		1FEBB64620286E2A00CD1FFD /* Home.storyboard */ = {isa = PBXFileReference; lastKnownFileType = file.storyboard; path = Home.storyboard; sourceTree = "<group>"; };
		1FEBB64820286E3E00CD1FFD /* HomeViewController.swift */ = {isa = PBXFileReference; lastKnownFileType = sourcecode.swift; path = HomeViewController.swift; sourceTree = "<group>"; };
		1FEBB64A2028752500CD1FFD /* Discounts.storyboard */ = {isa = PBXFileReference; lastKnownFileType = file.storyboard; path = Discounts.storyboard; sourceTree = "<group>"; };
		1FEBB64C2028752F00CD1FFD /* DiscountsViewController.swift */ = {isa = PBXFileReference; lastKnownFileType = sourcecode.swift; path = DiscountsViewController.swift; sourceTree = "<group>"; };
		1FEBB64E202875B300CD1FFD /* Settings.storyboard */ = {isa = PBXFileReference; lastKnownFileType = file.storyboard; path = Settings.storyboard; sourceTree = "<group>"; };
		1FEBB650202875BB00CD1FFD /* SettingsViewController.swift */ = {isa = PBXFileReference; lastKnownFileType = sourcecode.swift; path = SettingsViewController.swift; sourceTree = "<group>"; };
		1FEBB65220287E1F00CD1FFD /* Profile.storyboard */ = {isa = PBXFileReference; lastKnownFileType = file.storyboard; path = Profile.storyboard; sourceTree = "<group>"; };
		1FEBB65420287E2E00CD1FFD /* ProfileViewController.swift */ = {isa = PBXFileReference; lastKnownFileType = sourcecode.swift; path = ProfileViewController.swift; sourceTree = "<group>"; };
		1FEBB6562028819B00CD1FFD /* CategoriesViewController.swift */ = {isa = PBXFileReference; lastKnownFileType = sourcecode.swift; path = CategoriesViewController.swift; sourceTree = "<group>"; };
		1FEBB6582028822A00CD1FFD /* CompaniesCollectionViewCell.swift */ = {isa = PBXFileReference; lastKnownFileType = sourcecode.swift; path = CompaniesCollectionViewCell.swift; sourceTree = "<group>"; };
		1FEBB65A20288B6200CD1FFD /* CompanySegmentedViewController.swift */ = {isa = PBXFileReference; lastKnownFileType = sourcecode.swift; path = CompanySegmentedViewController.swift; sourceTree = "<group>"; };
		1FEBB65D20288C6700CD1FFD /* AboutCompany.storyboard */ = {isa = PBXFileReference; lastKnownFileType = file.storyboard; path = AboutCompany.storyboard; sourceTree = "<group>"; };
		1FEBB65F20288CAB00CD1FFD /* CompanyContactsViewController.swift */ = {isa = PBXFileReference; lastKnownFileType = sourcecode.swift; path = CompanyContactsViewController.swift; sourceTree = "<group>"; };
		1FEBB66120288CBB00CD1FFD /* CompanyDiscountsViewController.swift */ = {isa = PBXFileReference; lastKnownFileType = sourcecode.swift; path = CompanyDiscountsViewController.swift; sourceTree = "<group>"; };
		1FEBB66320288CCB00CD1FFD /* CompanyLocationViewController.swift */ = {isa = PBXFileReference; lastKnownFileType = sourcecode.swift; path = CompanyLocationViewController.swift; sourceTree = "<group>"; };
		244FD01D654C7187242C5982 /* Pods-elDiscount.release.xcconfig */ = {isa = PBXFileReference; includeInIndex = 1; lastKnownFileType = text.xcconfig; name = "Pods-elDiscount.release.xcconfig"; path = "Pods/Target Support Files/Pods-elDiscount/Pods-elDiscount.release.xcconfig"; sourceTree = "<group>"; };
		333FC3012037E2B800125710 /* DataManager.swift */ = {isa = PBXFileReference; lastKnownFileType = sourcecode.swift; path = DataManager.swift; sourceTree = "<group>"; };
		333FC3032037FFEC00125710 /* HTTPRequestManager.swift */ = {isa = PBXFileReference; lastKnownFileType = sourcecode.swift; path = HTTPRequestManager.swift; sourceTree = "<group>"; };
		333FC305203800D300125710 /* ServerManager.swift */ = {isa = PBXFileReference; lastKnownFileType = sourcecode.swift; path = ServerManager.swift; sourceTree = "<group>"; };
		333FC3072038069A00125710 /* Auth.swift */ = {isa = PBXFileReference; lastKnownFileType = sourcecode.swift; path = Auth.swift; sourceTree = "<group>"; };
		333FC3092038120300125710 /* UIViewController+Alert.swift */ = {isa = PBXFileReference; lastKnownFileType = sourcecode.swift; path = "UIViewController+Alert.swift"; sourceTree = "<group>"; };
		33E5CE482037673200650C7C /* UITextFiled+PhoneNumberDelegate.swift */ = {isa = PBXFileReference; lastKnownFileType = sourcecode.swift; path = "UITextFiled+PhoneNumberDelegate.swift"; sourceTree = "<group>"; };
		B802318681CC83709075A364 /* Pods_elDiscount.framework */ = {isa = PBXFileReference; explicitFileType = wrapper.framework; includeInIndex = 0; path = Pods_elDiscount.framework; sourceTree = BUILT_PRODUCTS_DIR; };
		BE105865D6C3E9EA90D434AE /* Pods-elDiscount.debug.xcconfig */ = {isa = PBXFileReference; includeInIndex = 1; lastKnownFileType = text.xcconfig; name = "Pods-elDiscount.debug.xcconfig"; path = "Pods/Target Support Files/Pods-elDiscount/Pods-elDiscount.debug.xcconfig"; sourceTree = "<group>"; };
/* End PBXFileReference section */

/* Begin PBXFrameworksBuildPhase section */
		1F2B52C81FD54F42000492AE /* Frameworks */ = {
			isa = PBXFrameworksBuildPhase;
			buildActionMask = 2147483647;
			files = (
				B1CA430AD2F3A8F7BB638FE8 /* Pods_elDiscount.framework in Frameworks */,
			);
			runOnlyForDeploymentPostprocessing = 0;
		};
		1F2B52DC1FD54F42000492AE /* Frameworks */ = {
			isa = PBXFrameworksBuildPhase;
			buildActionMask = 2147483647;
			files = (
			);
			runOnlyForDeploymentPostprocessing = 0;
		};
		1F2B52E71FD54F42000492AE /* Frameworks */ = {
			isa = PBXFrameworksBuildPhase;
			buildActionMask = 2147483647;
			files = (
			);
			runOnlyForDeploymentPostprocessing = 0;
		};
/* End PBXFrameworksBuildPhase section */

/* Begin PBXGroup section */
		1730A587F09963929DC9219E /* Frameworks */ = {
			isa = PBXGroup;
			children = (
				B802318681CC83709075A364 /* Pods_elDiscount.framework */,
			);
			name = Frameworks;
			sourceTree = "<group>";
		};
		1F09BB082016FBF8008E9536 /* SupportingFiles */ = {
			isa = PBXGroup;
			children = (
				1F2B53001FD55A43000492AE /* Constants.swift */,
				1FEB2F9D20076D930031052A /* Extensions + UIView.swift */,
				333FC3092038120300125710 /* UIViewController+Alert.swift */,
				1F09BB092016FC46008E9536 /* GlobalFunctions.swift */,
				333FC3012037E2B800125710 /* DataManager.swift */,
			);
			path = SupportingFiles;
			sourceTree = "<group>";
		};
		1F2B52C21FD54F42000492AE = {
			isa = PBXGroup;
			children = (
				1F2B52CD1FD54F42000492AE /* elDiscount */,
				1F2B52E21FD54F42000492AE /* elDiscountTests */,
				1F2B52ED1FD54F42000492AE /* elDiscountUITests */,
				1F2B52CC1FD54F42000492AE /* Products */,
				30C722C9FECFA282A06A7C3B /* Pods */,
				1730A587F09963929DC9219E /* Frameworks */,
			);
			sourceTree = "<group>";
		};
		1F2B52CC1FD54F42000492AE /* Products */ = {
			isa = PBXGroup;
			children = (
				1F2B52CB1FD54F42000492AE /* elDiscount.app */,
				1F2B52DF1FD54F42000492AE /* elDiscountTests.xctest */,
				1F2B52EA1FD54F42000492AE /* elDiscountUITests.xctest */,
			);
			name = Products;
			sourceTree = "<group>";
		};
		1F2B52CD1FD54F42000492AE /* elDiscount */ = {
			isa = PBXGroup;
			children = (
				33E5CE472037671000650C7C /* Extensions */,
				33E5CE4620375B4000650C7C /* Views */,
				33E5CE4520370D8200650C7C /* Network */,
				1F09BB082016FBF8008E9536 /* SupportingFiles */,
				1F2DDACC202DB20E00B7B341 /* Models */,
				1F2DDAD1202DC27F00B7B341 /* Controllers */,
				1F2B52CE1FD54F42000492AE /* AppDelegate.swift */,
				1F2B52D51FD54F42000492AE /* Assets.xcassets */,
				1F2B52D71FD54F42000492AE /* LaunchScreen.storyboard */,
				1F2B52DA1FD54F42000492AE /* Info.plist */,
			);
			path = elDiscount;
			sourceTree = "<group>";
		};
		1F2B52E21FD54F42000492AE /* elDiscountTests */ = {
			isa = PBXGroup;
			children = (
				1F2B52E31FD54F42000492AE /* elDiscountTests.swift */,
				1F2B52E51FD54F42000492AE /* Info.plist */,
			);
			path = elDiscountTests;
			sourceTree = "<group>";
		};
		1F2B52ED1FD54F42000492AE /* elDiscountUITests */ = {
			isa = PBXGroup;
			children = (
				1F2B52EE1FD54F42000492AE /* elDiscountUITests.swift */,
				1F2B52F01FD54F42000492AE /* Info.plist */,
			);
			path = elDiscountUITests;
			sourceTree = "<group>";
		};
		1F2DDACC202DB20E00B7B341 /* Models */ = {
			isa = PBXGroup;
			children = (
				1F2DDACD202DB22300B7B341 /* Companies.swift */,
				1F2DDACF202DB93300B7B341 /* NewUser.swift */,
				1F2DDAD2202DC6D600B7B341 /* NewCashier.swift */,
				1F2DDAD4202DC7BC00B7B341 /* Users.swift */,
				333FC3072038069A00125710 /* Auth.swift */,
			);
			path = Models;
			sourceTree = "<group>";
		};
		1F2DDAD1202DC27F00B7B341 /* Controllers */ = {
			isa = PBXGroup;
			children = (
				1FB12845202868E500CDD6B7 /* Profile */,
				1FB12846202868EF00CDD6B7 /* Main */,
				1FBD56DE2015FB9E00DF4446 /* LoginSignup */,
			);
			path = Controllers;
			sourceTree = "<group>";
		};
		1F5C7EC2207C91BF0089E2FC /* Categories */ = {
			isa = PBXGroup;
			children = (
				1FEBB6562028819B00CD1FFD /* CategoriesViewController.swift */,
				1F5C7EC0207C8B2F0089E2FC /* CategoriesTableViewCell.swift */,
			);
			path = Categories;
			sourceTree = "<group>";
		};
		1FB12845202868E500CDD6B7 /* Profile */ = {
			isa = PBXGroup;
			children = (
				1FEBB65220287E1F00CD1FFD /* Profile.storyboard */,
				1FEBB65420287E2E00CD1FFD /* ProfileViewController.swift */,
			);
			path = Profile;
			sourceTree = "<group>";
		};
		1FB12846202868EF00CDD6B7 /* Main */ = {
			isa = PBXGroup;
			children = (
				1F2B52D21FD54F42000492AE /* Main.storyboard */,
				1FEBB62C202869AC00CD1FFD /* MainViewController.swift */,
				1FEBB63920286A9300CD1FFD /* Cards */,
				1FEBB63A20286A9F00CD1FFD /* Companies */,
				1FEBB63B20286AA600CD1FFD /* Home */,
				1FEBB63C20286AAE00CD1FFD /* Discounts */,
				1FEBB63D20286AB600CD1FFD /* Settings */,
			);
			path = Main;
			sourceTree = "<group>";
		};
		1FBD56DE2015FB9E00DF4446 /* LoginSignup */ = {
			isa = PBXGroup;
			children = (
				1FBD56DF2015FBBE00DF4446 /* Login.storyboard */,
				1FBD56E12015FBF700DF4446 /* SegmentedViewController.swift */,
				1FBD56E32015FE3B00DF4446 /* LoginViewController.swift */,
				1FBD56E52016226D00DF4446 /* SignupViewController.swift */,
			);
			path = LoginSignup;
			sourceTree = "<group>";
		};
		1FEBB63920286A9300CD1FFD /* Cards */ = {
			isa = PBXGroup;
			children = (
				1FEBB63E20286C4300CD1FFD /* Cards.storyboard */,
				1FEBB64020286C5900CD1FFD /* CardsViewController.swift */,
			);
			path = Cards;
			sourceTree = "<group>";
		};
		1FEBB63A20286A9F00CD1FFD /* Companies */ = {
			isa = PBXGroup;
			children = (
				1FEBB64220286CC800CD1FFD /* Companies.storyboard */,
				1F5C7EC2207C91BF0089E2FC /* Categories */,
				1FEBB64420286CDA00CD1FFD /* CompaniesViewController.swift */,
				1FEBB6582028822A00CD1FFD /* CompaniesCollectionViewCell.swift */,
				1FEBB65C20288C5200CD1FFD /* About Company */,
			);
			path = Companies;
			sourceTree = "<group>";
		};
		1FEBB63B20286AA600CD1FFD /* Home */ = {
			isa = PBXGroup;
			children = (
				1FEBB64620286E2A00CD1FFD /* Home.storyboard */,
				1FEBB64820286E3E00CD1FFD /* HomeViewController.swift */,
				1F5C7FB2207CDD360089E2FC /* HomeCollectionViewCell.swift */,
			);
			path = Home;
			sourceTree = "<group>";
		};
		1FEBB63C20286AAE00CD1FFD /* Discounts */ = {
			isa = PBXGroup;
			children = (
				1FEBB64A2028752500CD1FFD /* Discounts.storyboard */,
				1FEBB64C2028752F00CD1FFD /* DiscountsViewController.swift */,
				1F5C7FB4207CDDA90089E2FC /* DiscountsCollectionViewCell.swift */,
			);
			path = Discounts;
			sourceTree = "<group>";
		};
		1FEBB63D20286AB600CD1FFD /* Settings */ = {
			isa = PBXGroup;
			children = (
				1FEBB64E202875B300CD1FFD /* Settings.storyboard */,
				1FEBB650202875BB00CD1FFD /* SettingsViewController.swift */,
			);
			path = Settings;
			sourceTree = "<group>";
		};
		1FEBB65C20288C5200CD1FFD /* About Company */ = {
			isa = PBXGroup;
			children = (
				1FEBB65A20288B6200CD1FFD /* CompanySegmentedViewController.swift */,
				1FEBB65D20288C6700CD1FFD /* AboutCompany.storyboard */,
				1FAE1F16202973E000C8788F /* CompanyHeaderViewController.swift */,
				1FEBB65F20288CAB00CD1FFD /* CompanyContactsViewController.swift */,
				1FEBB66120288CBB00CD1FFD /* CompanyDiscountsViewController.swift */,
				1FEBB66320288CCB00CD1FFD /* CompanyLocationViewController.swift */,
			);
			path = "About Company";
			sourceTree = "<group>";
		};
		30C722C9FECFA282A06A7C3B /* Pods */ = {
			isa = PBXGroup;
			children = (
				BE105865D6C3E9EA90D434AE /* Pods-elDiscount.debug.xcconfig */,
				244FD01D654C7187242C5982 /* Pods-elDiscount.release.xcconfig */,
			);
			name = Pods;
			sourceTree = "<group>";
		};
		33E5CE4520370D8200650C7C /* Network */ = {
			isa = PBXGroup;
			children = (
				1F381F012031A7CF005C98F9 /* ApiAddress.swift */,
				1F381EFF20317B6D005C98F9 /* HTTPStatusCode.swift */,
				333FC3032037FFEC00125710 /* HTTPRequestManager.swift */,
				333FC305203800D300125710 /* ServerManager.swift */,
			);
			path = Network;
			sourceTree = "<group>";
		};
		33E5CE4620375B4000650C7C /* Views */ = {
			isa = PBXGroup;
			children = (
				1F05C65F2008DCFA00D6443C /* RoundedButton.swift */,
				1F5C7EBE207C85310089E2FC /* CustomView.swift */,
			);
			path = Views;
			sourceTree = "<group>";
		};
		33E5CE472037671000650C7C /* Extensions */ = {
			isa = PBXGroup;
			children = (
				33E5CE482037673200650C7C /* UITextFiled+PhoneNumberDelegate.swift */,
			);
			path = Extensions;
			sourceTree = "<group>";
		};
/* End PBXGroup section */

/* Begin PBXNativeTarget section */
		1F2B52CA1FD54F42000492AE /* elDiscount */ = {
			isa = PBXNativeTarget;
			buildConfigurationList = 1F2B52F31FD54F42000492AE /* Build configuration list for PBXNativeTarget "elDiscount" */;
			buildPhases = (
				7C224FD00663A2DC08B0ECE9 /* [CP] Check Pods Manifest.lock */,
				1F2B52C71FD54F42000492AE /* Sources */,
				1F2B52C81FD54F42000492AE /* Frameworks */,
				1F2B52C91FD54F42000492AE /* Resources */,
				CAC695090A8FC671FF2BF21B /* [CP] Embed Pods Frameworks */,
				80CA3BFDE75327E7F3A363B1 /* [CP] Copy Pods Resources */,
			);
			buildRules = (
			);
			dependencies = (
			);
			name = elDiscount;
			productName = elDiscount;
			productReference = 1F2B52CB1FD54F42000492AE /* elDiscount.app */;
			productType = "com.apple.product-type.application";
		};
		1F2B52DE1FD54F42000492AE /* elDiscountTests */ = {
			isa = PBXNativeTarget;
			buildConfigurationList = 1F2B52F61FD54F42000492AE /* Build configuration list for PBXNativeTarget "elDiscountTests" */;
			buildPhases = (
				1F2B52DB1FD54F42000492AE /* Sources */,
				1F2B52DC1FD54F42000492AE /* Frameworks */,
				1F2B52DD1FD54F42000492AE /* Resources */,
			);
			buildRules = (
			);
			dependencies = (
				1F2B52E11FD54F42000492AE /* PBXTargetDependency */,
			);
			name = elDiscountTests;
			productName = elDiscountTests;
			productReference = 1F2B52DF1FD54F42000492AE /* elDiscountTests.xctest */;
			productType = "com.apple.product-type.bundle.unit-test";
		};
		1F2B52E91FD54F42000492AE /* elDiscountUITests */ = {
			isa = PBXNativeTarget;
			buildConfigurationList = 1F2B52F91FD54F42000492AE /* Build configuration list for PBXNativeTarget "elDiscountUITests" */;
			buildPhases = (
				1F2B52E61FD54F42000492AE /* Sources */,
				1F2B52E71FD54F42000492AE /* Frameworks */,
				1F2B52E81FD54F42000492AE /* Resources */,
			);
			buildRules = (
			);
			dependencies = (
				1F2B52EC1FD54F42000492AE /* PBXTargetDependency */,
			);
			name = elDiscountUITests;
			productName = elDiscountUITests;
			productReference = 1F2B52EA1FD54F42000492AE /* elDiscountUITests.xctest */;
			productType = "com.apple.product-type.bundle.ui-testing";
		};
/* End PBXNativeTarget section */

/* Begin PBXProject section */
		1F2B52C31FD54F42000492AE /* Project object */ = {
			isa = PBXProject;
			attributes = {
				LastSwiftUpdateCheck = 0900;
				LastUpgradeCheck = 0900;
				ORGANIZATIONNAME = NeoBis;
				TargetAttributes = {
					1F2B52CA1FD54F42000492AE = {
						CreatedOnToolsVersion = 9.0;
						ProvisioningStyle = Automatic;
					};
					1F2B52DE1FD54F42000492AE = {
						CreatedOnToolsVersion = 9.0;
						ProvisioningStyle = Automatic;
						TestTargetID = 1F2B52CA1FD54F42000492AE;
					};
					1F2B52E91FD54F42000492AE = {
						CreatedOnToolsVersion = 9.0;
						ProvisioningStyle = Automatic;
						TestTargetID = 1F2B52CA1FD54F42000492AE;
					};
				};
			};
			buildConfigurationList = 1F2B52C61FD54F42000492AE /* Build configuration list for PBXProject "elDiscount" */;
			compatibilityVersion = "Xcode 8.0";
			developmentRegion = en;
			hasScannedForEncodings = 0;
			knownRegions = (
				en,
				Base,
			);
			mainGroup = 1F2B52C21FD54F42000492AE;
			productRefGroup = 1F2B52CC1FD54F42000492AE /* Products */;
			projectDirPath = "";
			projectRoot = "";
			targets = (
				1F2B52CA1FD54F42000492AE /* elDiscount */,
				1F2B52DE1FD54F42000492AE /* elDiscountTests */,
				1F2B52E91FD54F42000492AE /* elDiscountUITests */,
			);
		};
/* End PBXProject section */

/* Begin PBXResourcesBuildPhase section */
		1F2B52C91FD54F42000492AE /* Resources */ = {
			isa = PBXResourcesBuildPhase;
			buildActionMask = 2147483647;
			files = (
				1FEBB64720286E2A00CD1FFD /* Home.storyboard in Resources */,
				1FBD56E02015FBBE00DF4446 /* Login.storyboard in Resources */,
				1FEBB65320287E1F00CD1FFD /* Profile.storyboard in Resources */,
				1FEBB65E20288C6700CD1FFD /* AboutCompany.storyboard in Resources */,
				1F2B52D91FD54F42000492AE /* LaunchScreen.storyboard in Resources */,
				1FEBB64320286CC800CD1FFD /* Companies.storyboard in Resources */,
				1F2B52D61FD54F42000492AE /* Assets.xcassets in Resources */,
				1FEBB63F20286C4300CD1FFD /* Cards.storyboard in Resources */,
				1FEBB64F202875B300CD1FFD /* Settings.storyboard in Resources */,
				1F2B52D41FD54F42000492AE /* Main.storyboard in Resources */,
				1FEBB64B2028752500CD1FFD /* Discounts.storyboard in Resources */,
			);
			runOnlyForDeploymentPostprocessing = 0;
		};
		1F2B52DD1FD54F42000492AE /* Resources */ = {
			isa = PBXResourcesBuildPhase;
			buildActionMask = 2147483647;
			files = (
			);
			runOnlyForDeploymentPostprocessing = 0;
		};
		1F2B52E81FD54F42000492AE /* Resources */ = {
			isa = PBXResourcesBuildPhase;
			buildActionMask = 2147483647;
			files = (
			);
			runOnlyForDeploymentPostprocessing = 0;
		};
/* End PBXResourcesBuildPhase section */

/* Begin PBXShellScriptBuildPhase section */
		7C224FD00663A2DC08B0ECE9 /* [CP] Check Pods Manifest.lock */ = {
			isa = PBXShellScriptBuildPhase;
			buildActionMask = 2147483647;
			files = (
			);
			inputPaths = (
				"${PODS_PODFILE_DIR_PATH}/Podfile.lock",
				"${PODS_ROOT}/Manifest.lock",
			);
			name = "[CP] Check Pods Manifest.lock";
			outputPaths = (
				"$(DERIVED_FILE_DIR)/Pods-elDiscount-checkManifestLockResult.txt",
			);
			runOnlyForDeploymentPostprocessing = 0;
			shellPath = /bin/sh;
			shellScript = "diff \"${PODS_PODFILE_DIR_PATH}/Podfile.lock\" \"${PODS_ROOT}/Manifest.lock\" > /dev/null\nif [ $? != 0 ] ; then\n    # print error to STDERR\n    echo \"error: The sandbox is not in sync with the Podfile.lock. Run 'pod install' or update your CocoaPods installation.\" >&2\n    exit 1\nfi\n# This output is used by Xcode 'outputs' to avoid re-running this script phase.\necho \"SUCCESS\" > \"${SCRIPT_OUTPUT_FILE_0}\"\n";
			showEnvVarsInLog = 0;
		};
		80CA3BFDE75327E7F3A363B1 /* [CP] Copy Pods Resources */ = {
			isa = PBXShellScriptBuildPhase;
			buildActionMask = 2147483647;
			files = (
			);
			inputPaths = (
			);
			name = "[CP] Copy Pods Resources";
			outputPaths = (
			);
			runOnlyForDeploymentPostprocessing = 0;
			shellPath = /bin/sh;
			shellScript = "\"${SRCROOT}/Pods/Target Support Files/Pods-elDiscount/Pods-elDiscount-resources.sh\"\n";
			showEnvVarsInLog = 0;
		};
		CAC695090A8FC671FF2BF21B /* [CP] Embed Pods Frameworks */ = {
			isa = PBXShellScriptBuildPhase;
			buildActionMask = 2147483647;
			files = (
			);
			inputPaths = (
				"${SRCROOT}/Pods/Target Support Files/Pods-elDiscount/Pods-elDiscount-frameworks.sh",
				"${BUILT_PRODUCTS_DIR}/Alamofire/Alamofire.framework",
				"${BUILT_PRODUCTS_DIR}/IQKeyboardManager/IQKeyboardManager.framework",
				"${BUILT_PRODUCTS_DIR}/SJSegmentedScrollView/SJSegmentedScrollView.framework",
				"${BUILT_PRODUCTS_DIR}/SkyFloatingLabelTextField/SkyFloatingLabelTextField.framework",
				"${BUILT_PRODUCTS_DIR}/SwiftyJSON/SwiftyJSON.framework",
			);
			name = "[CP] Embed Pods Frameworks";
			outputPaths = (
				"${TARGET_BUILD_DIR}/${FRAMEWORKS_FOLDER_PATH}/Alamofire.framework",
				"${TARGET_BUILD_DIR}/${FRAMEWORKS_FOLDER_PATH}/IQKeyboardManager.framework",
				"${TARGET_BUILD_DIR}/${FRAMEWORKS_FOLDER_PATH}/SJSegmentedScrollView.framework",
				"${TARGET_BUILD_DIR}/${FRAMEWORKS_FOLDER_PATH}/SkyFloatingLabelTextField.framework",
				"${TARGET_BUILD_DIR}/${FRAMEWORKS_FOLDER_PATH}/SwiftyJSON.framework",
			);
			runOnlyForDeploymentPostprocessing = 0;
			shellPath = /bin/sh;
			shellScript = "\"${SRCROOT}/Pods/Target Support Files/Pods-elDiscount/Pods-elDiscount-frameworks.sh\"\n";
			showEnvVarsInLog = 0;
		};
/* End PBXShellScriptBuildPhase section */

/* Begin PBXSourcesBuildPhase section */
		1F2B52C71FD54F42000492AE /* Sources */ = {
			isa = PBXSourcesBuildPhase;
			buildActionMask = 2147483647;
			files = (
				333FC306203800D300125710 /* ServerManager.swift in Sources */,
				1FEBB64520286CDA00CD1FFD /* CompaniesViewController.swift in Sources */,
				333FC3022037E2B800125710 /* DataManager.swift in Sources */,
				333FC30A2038120300125710 /* UIViewController+Alert.swift in Sources */,
				1F2DDAD0202DB93300B7B341 /* NewUser.swift in Sources */,
				1FEBB64D2028752F00CD1FFD /* DiscountsViewController.swift in Sources */,
				1FBD56E42015FE3B00DF4446 /* LoginViewController.swift in Sources */,
				1F2DDAD3202DC6D600B7B341 /* NewCashier.swift in Sources */,
				1FBD56E62016226D00DF4446 /* SignupViewController.swift in Sources */,
				1F381F0020317B6D005C98F9 /* HTTPStatusCode.swift in Sources */,
				1F5C7EBF207C85310089E2FC /* CustomView.swift in Sources */,
				1FEBB64120286C5900CD1FFD /* CardsViewController.swift in Sources */,
				1F05C6602008DCFA00D6443C /* RoundedButton.swift in Sources */,
				1F5C7FB5207CDDA90089E2FC /* DiscountsCollectionViewCell.swift in Sources */,
				1F2DDACE202DB22300B7B341 /* Companies.swift in Sources */,
				1F2B52CF1FD54F42000492AE /* AppDelegate.swift in Sources */,
				33E5CE492037673200650C7C /* UITextFiled+PhoneNumberDelegate.swift in Sources */,
				1FBD56E22015FBF700DF4446 /* SegmentedViewController.swift in Sources */,
				1F2B53011FD55A43000492AE /* Constants.swift in Sources */,
				1FAE1F17202973E100C8788F /* CompanyHeaderViewController.swift in Sources */,
				333FC3082038069A00125710 /* Auth.swift in Sources */,
				1FEBB66420288CCB00CD1FFD /* CompanyLocationViewController.swift in Sources */,
				1FEBB66220288CBB00CD1FFD /* CompanyDiscountsViewController.swift in Sources */,
				1FEBB65B20288B6200CD1FFD /* CompanySegmentedViewController.swift in Sources */,
				1FEBB651202875BB00CD1FFD /* SettingsViewController.swift in Sources */,
				1F5C7FB3207CDD360089E2FC /* HomeCollectionViewCell.swift in Sources */,
				1FEB2F9E20076D930031052A /* Extensions + UIView.swift in Sources */,
				1F09BB0A2016FC46008E9536 /* GlobalFunctions.swift in Sources */,
				1FEBB65520287E2E00CD1FFD /* ProfileViewController.swift in Sources */,
				1FEBB66020288CAB00CD1FFD /* CompanyContactsViewController.swift in Sources */,
				1FEBB62D202869AC00CD1FFD /* MainViewController.swift in Sources */,
				1F5C7EC1207C8B2F0089E2FC /* CategoriesTableViewCell.swift in Sources */,
				1F381F022031A7CF005C98F9 /* ApiAddress.swift in Sources */,
				1F2DDAD5202DC7BC00B7B341 /* Users.swift in Sources */,
				1FEBB6572028819B00CD1FFD /* CategoriesViewController.swift in Sources */,
				333FC3042037FFEC00125710 /* HTTPRequestManager.swift in Sources */,
				1FEBB64920286E3E00CD1FFD /* HomeViewController.swift in Sources */,
				1FEBB6592028822A00CD1FFD /* CompaniesCollectionViewCell.swift in Sources */,
			);
			runOnlyForDeploymentPostprocessing = 0;
		};
		1F2B52DB1FD54F42000492AE /* Sources */ = {
			isa = PBXSourcesBuildPhase;
			buildActionMask = 2147483647;
			files = (
				1F2B52E41FD54F42000492AE /* elDiscountTests.swift in Sources */,
			);
			runOnlyForDeploymentPostprocessing = 0;
		};
		1F2B52E61FD54F42000492AE /* Sources */ = {
			isa = PBXSourcesBuildPhase;
			buildActionMask = 2147483647;
			files = (
				1F2B52EF1FD54F42000492AE /* elDiscountUITests.swift in Sources */,
			);
			runOnlyForDeploymentPostprocessing = 0;
		};
/* End PBXSourcesBuildPhase section */

/* Begin PBXTargetDependency section */
		1F2B52E11FD54F42000492AE /* PBXTargetDependency */ = {
			isa = PBXTargetDependency;
			target = 1F2B52CA1FD54F42000492AE /* elDiscount */;
			targetProxy = 1F2B52E01FD54F42000492AE /* PBXContainerItemProxy */;
		};
		1F2B52EC1FD54F42000492AE /* PBXTargetDependency */ = {
			isa = PBXTargetDependency;
			target = 1F2B52CA1FD54F42000492AE /* elDiscount */;
			targetProxy = 1F2B52EB1FD54F42000492AE /* PBXContainerItemProxy */;
		};
/* End PBXTargetDependency section */

/* Begin PBXVariantGroup section */
		1F2B52D21FD54F42000492AE /* Main.storyboard */ = {
			isa = PBXVariantGroup;
			children = (
				1F2B52D31FD54F42000492AE /* Base */,
			);
			name = Main.storyboard;
			sourceTree = "<group>";
		};
		1F2B52D71FD54F42000492AE /* LaunchScreen.storyboard */ = {
			isa = PBXVariantGroup;
			children = (
				1F2B52D81FD54F42000492AE /* Base */,
			);
			name = LaunchScreen.storyboard;
			sourceTree = "<group>";
		};
/* End PBXVariantGroup section */

/* Begin XCBuildConfiguration section */
		1F2B52F11FD54F42000492AE /* Debug */ = {
			isa = XCBuildConfiguration;
			buildSettings = {
				ALWAYS_SEARCH_USER_PATHS = NO;
				CLANG_ANALYZER_NONNULL = YES;
				CLANG_ANALYZER_NUMBER_OBJECT_CONVERSION = YES_AGGRESSIVE;
				CLANG_CXX_LANGUAGE_STANDARD = "gnu++14";
				CLANG_CXX_LIBRARY = "libc++";
				CLANG_ENABLE_MODULES = YES;
				CLANG_ENABLE_OBJC_ARC = YES;
				CLANG_WARN_BLOCK_CAPTURE_AUTORELEASING = YES;
				CLANG_WARN_BOOL_CONVERSION = YES;
				CLANG_WARN_COMMA = YES;
				CLANG_WARN_CONSTANT_CONVERSION = YES;
				CLANG_WARN_DIRECT_OBJC_ISA_USAGE = YES_ERROR;
				CLANG_WARN_DOCUMENTATION_COMMENTS = YES;
				CLANG_WARN_EMPTY_BODY = YES;
				CLANG_WARN_ENUM_CONVERSION = YES;
				CLANG_WARN_INFINITE_RECURSION = YES;
				CLANG_WARN_INT_CONVERSION = YES;
				CLANG_WARN_NON_LITERAL_NULL_CONVERSION = YES;
				CLANG_WARN_OBJC_LITERAL_CONVERSION = YES;
				CLANG_WARN_OBJC_ROOT_CLASS = YES_ERROR;
				CLANG_WARN_RANGE_LOOP_ANALYSIS = YES;
				CLANG_WARN_STRICT_PROTOTYPES = YES;
				CLANG_WARN_SUSPICIOUS_MOVE = YES;
				CLANG_WARN_UNGUARDED_AVAILABILITY = YES_AGGRESSIVE;
				CLANG_WARN_UNREACHABLE_CODE = YES;
				CLANG_WARN__DUPLICATE_METHOD_MATCH = YES;
				CODE_SIGN_IDENTITY = "iPhone Developer";
				COPY_PHASE_STRIP = NO;
				DEBUG_INFORMATION_FORMAT = dwarf;
				ENABLE_STRICT_OBJC_MSGSEND = YES;
				ENABLE_TESTABILITY = YES;
				GCC_C_LANGUAGE_STANDARD = gnu11;
				GCC_DYNAMIC_NO_PIC = NO;
				GCC_NO_COMMON_BLOCKS = YES;
				GCC_OPTIMIZATION_LEVEL = 0;
				GCC_PREPROCESSOR_DEFINITIONS = (
					"DEBUG=1",
					"$(inherited)",
				);
				GCC_WARN_64_TO_32_BIT_CONVERSION = YES;
				GCC_WARN_ABOUT_RETURN_TYPE = YES_ERROR;
				GCC_WARN_UNDECLARED_SELECTOR = YES;
				GCC_WARN_UNINITIALIZED_AUTOS = YES_AGGRESSIVE;
				GCC_WARN_UNUSED_FUNCTION = YES;
				GCC_WARN_UNUSED_VARIABLE = YES;
				IPHONEOS_DEPLOYMENT_TARGET = 11.0;
				MTL_ENABLE_DEBUG_INFO = YES;
				ONLY_ACTIVE_ARCH = YES;
				SDKROOT = iphoneos;
				SWIFT_ACTIVE_COMPILATION_CONDITIONS = DEBUG;
				SWIFT_OPTIMIZATION_LEVEL = "-Onone";
			};
			name = Debug;
		};
		1F2B52F21FD54F42000492AE /* Release */ = {
			isa = XCBuildConfiguration;
			buildSettings = {
				ALWAYS_SEARCH_USER_PATHS = NO;
				CLANG_ANALYZER_NONNULL = YES;
				CLANG_ANALYZER_NUMBER_OBJECT_CONVERSION = YES_AGGRESSIVE;
				CLANG_CXX_LANGUAGE_STANDARD = "gnu++14";
				CLANG_CXX_LIBRARY = "libc++";
				CLANG_ENABLE_MODULES = YES;
				CLANG_ENABLE_OBJC_ARC = YES;
				CLANG_WARN_BLOCK_CAPTURE_AUTORELEASING = YES;
				CLANG_WARN_BOOL_CONVERSION = YES;
				CLANG_WARN_COMMA = YES;
				CLANG_WARN_CONSTANT_CONVERSION = YES;
				CLANG_WARN_DIRECT_OBJC_ISA_USAGE = YES_ERROR;
				CLANG_WARN_DOCUMENTATION_COMMENTS = YES;
				CLANG_WARN_EMPTY_BODY = YES;
				CLANG_WARN_ENUM_CONVERSION = YES;
				CLANG_WARN_INFINITE_RECURSION = YES;
				CLANG_WARN_INT_CONVERSION = YES;
				CLANG_WARN_NON_LITERAL_NULL_CONVERSION = YES;
				CLANG_WARN_OBJC_LITERAL_CONVERSION = YES;
				CLANG_WARN_OBJC_ROOT_CLASS = YES_ERROR;
				CLANG_WARN_RANGE_LOOP_ANALYSIS = YES;
				CLANG_WARN_STRICT_PROTOTYPES = YES;
				CLANG_WARN_SUSPICIOUS_MOVE = YES;
				CLANG_WARN_UNGUARDED_AVAILABILITY = YES_AGGRESSIVE;
				CLANG_WARN_UNREACHABLE_CODE = YES;
				CLANG_WARN__DUPLICATE_METHOD_MATCH = YES;
				CODE_SIGN_IDENTITY = "iPhone Developer";
				COPY_PHASE_STRIP = NO;
				DEBUG_INFORMATION_FORMAT = "dwarf-with-dsym";
				ENABLE_NS_ASSERTIONS = NO;
				ENABLE_STRICT_OBJC_MSGSEND = YES;
				GCC_C_LANGUAGE_STANDARD = gnu11;
				GCC_NO_COMMON_BLOCKS = YES;
				GCC_WARN_64_TO_32_BIT_CONVERSION = YES;
				GCC_WARN_ABOUT_RETURN_TYPE = YES_ERROR;
				GCC_WARN_UNDECLARED_SELECTOR = YES;
				GCC_WARN_UNINITIALIZED_AUTOS = YES_AGGRESSIVE;
				GCC_WARN_UNUSED_FUNCTION = YES;
				GCC_WARN_UNUSED_VARIABLE = YES;
				IPHONEOS_DEPLOYMENT_TARGET = 11.0;
				MTL_ENABLE_DEBUG_INFO = NO;
				SDKROOT = iphoneos;
				SWIFT_OPTIMIZATION_LEVEL = "-Owholemodule";
				VALIDATE_PRODUCT = YES;
			};
			name = Release;
		};
		1F2B52F41FD54F42000492AE /* Debug */ = {
			isa = XCBuildConfiguration;
			baseConfigurationReference = BE105865D6C3E9EA90D434AE /* Pods-elDiscount.debug.xcconfig */;
			buildSettings = {
				ASSETCATALOG_COMPILER_APPICON_NAME = AppIcon;
				CODE_SIGN_STYLE = Automatic;
				DEVELOPMENT_TEAM = U5DCDBG2W2;
				INFOPLIST_FILE = elDiscount/Info.plist;
				IPHONEOS_DEPLOYMENT_TARGET = 10.0;
				LD_RUNPATH_SEARCH_PATHS = "$(inherited) @executable_path/Frameworks";
				PRODUCT_BUNDLE_IDENTIFIER = com.NeoBis.elDiscount;
				PRODUCT_NAME = "$(TARGET_NAME)";
				SWIFT_VERSION = 4.0;
				TARGETED_DEVICE_FAMILY = "1,2";
			};
			name = Debug;
		};
		1F2B52F51FD54F42000492AE /* Release */ = {
			isa = XCBuildConfiguration;
			baseConfigurationReference = 244FD01D654C7187242C5982 /* Pods-elDiscount.release.xcconfig */;
			buildSettings = {
				ASSETCATALOG_COMPILER_APPICON_NAME = AppIcon;
				CODE_SIGN_STYLE = Automatic;
				DEVELOPMENT_TEAM = U5DCDBG2W2;
				INFOPLIST_FILE = elDiscount/Info.plist;
				IPHONEOS_DEPLOYMENT_TARGET = 10.0;
				LD_RUNPATH_SEARCH_PATHS = "$(inherited) @executable_path/Frameworks";
				PRODUCT_BUNDLE_IDENTIFIER = com.NeoBis.elDiscount;
				PRODUCT_NAME = "$(TARGET_NAME)";
				SWIFT_VERSION = 4.0;
				TARGETED_DEVICE_FAMILY = "1,2";
			};
			name = Release;
		};
		1F2B52F71FD54F42000492AE /* Debug */ = {
			isa = XCBuildConfiguration;
			buildSettings = {
				ALWAYS_EMBED_SWIFT_STANDARD_LIBRARIES = YES;
				BUNDLE_LOADER = "$(TEST_HOST)";
				CODE_SIGN_STYLE = Automatic;
				INFOPLIST_FILE = elDiscountTests/Info.plist;
				LD_RUNPATH_SEARCH_PATHS = "$(inherited) @executable_path/Frameworks @loader_path/Frameworks";
				PRODUCT_BUNDLE_IDENTIFIER = com.NeoBis.elDiscountTests;
				PRODUCT_NAME = "$(TARGET_NAME)";
				SWIFT_VERSION = 4.0;
				TARGETED_DEVICE_FAMILY = "1,2";
				TEST_HOST = "$(BUILT_PRODUCTS_DIR)/elDiscount.app/elDiscount";
			};
			name = Debug;
		};
		1F2B52F81FD54F42000492AE /* Release */ = {
			isa = XCBuildConfiguration;
			buildSettings = {
				ALWAYS_EMBED_SWIFT_STANDARD_LIBRARIES = YES;
				BUNDLE_LOADER = "$(TEST_HOST)";
				CODE_SIGN_STYLE = Automatic;
				INFOPLIST_FILE = elDiscountTests/Info.plist;
				LD_RUNPATH_SEARCH_PATHS = "$(inherited) @executable_path/Frameworks @loader_path/Frameworks";
				PRODUCT_BUNDLE_IDENTIFIER = com.NeoBis.elDiscountTests;
				PRODUCT_NAME = "$(TARGET_NAME)";
				SWIFT_VERSION = 4.0;
				TARGETED_DEVICE_FAMILY = "1,2";
				TEST_HOST = "$(BUILT_PRODUCTS_DIR)/elDiscount.app/elDiscount";
			};
			name = Release;
		};
		1F2B52FA1FD54F42000492AE /* Debug */ = {
			isa = XCBuildConfiguration;
			buildSettings = {
				ALWAYS_EMBED_SWIFT_STANDARD_LIBRARIES = YES;
				CODE_SIGN_STYLE = Automatic;
				INFOPLIST_FILE = elDiscountUITests/Info.plist;
				LD_RUNPATH_SEARCH_PATHS = "$(inherited) @executable_path/Frameworks @loader_path/Frameworks";
				PRODUCT_BUNDLE_IDENTIFIER = com.NeoBis.elDiscountUITests;
				PRODUCT_NAME = "$(TARGET_NAME)";
				SWIFT_VERSION = 4.0;
				TARGETED_DEVICE_FAMILY = "1,2";
				TEST_TARGET_NAME = elDiscount;
			};
			name = Debug;
		};
		1F2B52FB1FD54F42000492AE /* Release */ = {
			isa = XCBuildConfiguration;
			buildSettings = {
				ALWAYS_EMBED_SWIFT_STANDARD_LIBRARIES = YES;
				CODE_SIGN_STYLE = Automatic;
				INFOPLIST_FILE = elDiscountUITests/Info.plist;
				LD_RUNPATH_SEARCH_PATHS = "$(inherited) @executable_path/Frameworks @loader_path/Frameworks";
				PRODUCT_BUNDLE_IDENTIFIER = com.NeoBis.elDiscountUITests;
				PRODUCT_NAME = "$(TARGET_NAME)";
				SWIFT_VERSION = 4.0;
				TARGETED_DEVICE_FAMILY = "1,2";
				TEST_TARGET_NAME = elDiscount;
			};
			name = Release;
		};
/* End XCBuildConfiguration section */

/* Begin XCConfigurationList section */
		1F2B52C61FD54F42000492AE /* Build configuration list for PBXProject "elDiscount" */ = {
			isa = XCConfigurationList;
			buildConfigurations = (
				1F2B52F11FD54F42000492AE /* Debug */,
				1F2B52F21FD54F42000492AE /* Release */,
			);
			defaultConfigurationIsVisible = 0;
			defaultConfigurationName = Release;
		};
		1F2B52F31FD54F42000492AE /* Build configuration list for PBXNativeTarget "elDiscount" */ = {
			isa = XCConfigurationList;
			buildConfigurations = (
				1F2B52F41FD54F42000492AE /* Debug */,
				1F2B52F51FD54F42000492AE /* Release */,
			);
			defaultConfigurationIsVisible = 0;
			defaultConfigurationName = Release;
		};
		1F2B52F61FD54F42000492AE /* Build configuration list for PBXNativeTarget "elDiscountTests" */ = {
			isa = XCConfigurationList;
			buildConfigurations = (
				1F2B52F71FD54F42000492AE /* Debug */,
				1F2B52F81FD54F42000492AE /* Release */,
			);
			defaultConfigurationIsVisible = 0;
			defaultConfigurationName = Release;
		};
		1F2B52F91FD54F42000492AE /* Build configuration list for PBXNativeTarget "elDiscountUITests" */ = {
			isa = XCConfigurationList;
			buildConfigurations = (
				1F2B52FA1FD54F42000492AE /* Debug */,
				1F2B52FB1FD54F42000492AE /* Release */,
			);
			defaultConfigurationIsVisible = 0;
			defaultConfigurationName = Release;
		};
/* End XCConfigurationList section */
	};
	rootObject = 1F2B52C31FD54F42000492AE /* Project object */;
}
